
Microsoft Visual Studio Solution File, Format Version 12.00
# Visual Studio Version 16
VisualStudioVersion = 16.0.31729.503
MinimumVisualStudioVersion = 10.0.40219.1
Project("{FAE04EC0-301F-11D3-BF4B-00C04F79EFBC}") = "ProductManagement", "ProductManagement.csproj", "{3AFC8F82-48EB-4006-8C01-E52DD7C75EC4}"
EndProject
Project("{FAE04EC0-301F-11D3-BF4B-00C04F79EFBC}") = "ProductManagement.UnitTest", "..\ProductManagement.UnitTest\ProductManagement.UnitTest.csproj", "{746785E1-5371-48B1-8907-AA5B7696BB5B}"
EndProject
Global
	GlobalSection(SolutionConfigurationPlatforms) = preSolution
		Debug|Any CPU = Debug|Any CPU
		Release|Any CPU = Release|Any CPU
	EndGlobalSection
	GlobalSection(ProjectConfigurationPlatforms) = postSolution
		{3AFC8F82-48EB-4006-8C01-E52DD7C75EC4}.Debug|Any CPU.ActiveCfg = Debug|Any CPU
		{3AFC8F82-48EB-4006-8C01-E52DD7C75EC4}.Debug|Any CPU.Build.0 = Debug|Any CPU
		{3AFC8F82-48EB-4006-8C01-E52DD7C75EC4}.Release|Any CPU.ActiveCfg = Release|Any CPU
		{3AFC8F82-48EB-4006-8C01-E52DD7C75EC4}.Release|Any CPU.Build.0 = Release|Any CPU
		{746785E1-5371-48B1-8907-AA5B7696BB5B}.Debug|Any CPU.ActiveCfg = Debug|Any CPU
		{746785E1-5371-48B1-8907-AA5B7696BB5B}.Debug|Any CPU.Build.0 = Debug|Any CPU
		{746785E1-5371-48B1-8907-AA5B7696BB5B}.Release|Any CPU.ActiveCfg = Release|Any CPU
		{746785E1-5371-48B1-8907-AA5B7696BB5B}.Release|Any CPU.Build.0 = Release|Any CPU
	EndGlobalSection
	GlobalSection(SolutionProperties) = preSolution
		HideSolutionNode = FALSE
	EndGlobalSection
	GlobalSection(ExtensibilityGlobals) = postSolution
		SolutionGuid = {90F0A219-20F3-4187-BE78-D4194E0826F2}
	EndGlobalSection
EndGlobal
